{
  "name": "http",
  "lockfileVersion": 3,
  "requires": true,
  "packages": {
    "": {
      "dependencies": {
        "colorprint-js": "^1.0.0"
      }
    },
    "node_modules/colorprint-js": {
      "version": "1.0.0",
      "resolved": "https://registry.npmjs.org/colorprint-js/-/colorprint-js-1.0.0.tgz",
      "integrity": "sha512-MI+c+t7ajDfsoGfNoDtIOQyQ6PzWVj4Hj43O5eEFK0BfaMHGUKZrshSVZMvQV4DS6MZXUgKxsyamAE7nAumBaw=="
    }
  }
}
